
Microsoft Visual Studio Solution File, Format Version 12.00
# Visual Studio Version 17
VisualStudioVersion = 17.4.33110.190
MinimumVisualStudioVersion = 10.0.40219.1
Project("{FAE04EC0-301F-11D3-BF4B-00C04F79EFBC}") = "D10-1_Read_Write_Excel_CSV_JSON", "D10-1_Read_Write_Excel_CSV_JSON\D10-1_Read_Write_Excel_CSV_JSON.csproj", "{37E2807B-DA2E-4E35-89B0-2DB9D22CD215}"
EndProject
Global
	GlobalSection(SolutionConfigurationPlatforms) = preSolution
		Debug|Any CPU = Debug|Any CPU
		Release|Any CPU = Release|Any CPU
	EndGlobalSection
	GlobalSection(ProjectConfigurationPlatforms) = postSolution
		{37E2807B-DA2E-4E35-89B0-2DB9D22CD215}.Debug|Any CPU.ActiveCfg = Debug|Any CPU
		{37E2807B-DA2E-4E35-89B0-2DB9D22CD215}.Debug|Any CPU.Build.0 = Debug|Any CPU
		{37E2807B-DA2E-4E35-89B0-2DB9D22CD215}.Release|Any CPU.ActiveCfg = Release|Any CPU
		{37E2807B-DA2E-4E35-89B0-2DB9D22CD215}.Release|Any CPU.Build.0 = Release|Any CPU
	EndGlobalSection
	GlobalSection(SolutionProperties) = preSolution
		HideSolutionNode = FALSE
	EndGlobalSection
	GlobalSection(ExtensibilityGlobals) = postSolution
		SolutionGuid = {E80B0C3A-7AF5-4F01-97AB-D030E02E51A2}
	EndGlobalSection
EndGlobal
