
Microsoft Visual Studio Solution File, Format Version 12.00
# Visual Studio Version 17
VisualStudioVersion = 17.3.32922.545
MinimumVisualStudioVersion = 10.0.40219.1
Project("{FAE04EC0-301F-11D3-BF4B-00C04F79EFBC}") = "mproject_dynamic_binding", "mproject_dynamic_binding\mproject_dynamic_binding.csproj", "{C48FA676-BA62-48A1-8AA7-E14088307D40}"
EndProject
Global
	GlobalSection(SolutionConfigurationPlatforms) = preSolution
		Debug|Any CPU = Debug|Any CPU
		Release|Any CPU = Release|Any CPU
	EndGlobalSection
	GlobalSection(ProjectConfigurationPlatforms) = postSolution
		{C48FA676-BA62-48A1-8AA7-E14088307D40}.Debug|Any CPU.ActiveCfg = Debug|Any CPU
		{C48FA676-BA62-48A1-8AA7-E14088307D40}.Debug|Any CPU.Build.0 = Debug|Any CPU
		{C48FA676-BA62-48A1-8AA7-E14088307D40}.Release|Any CPU.ActiveCfg = Release|Any CPU
		{C48FA676-BA62-48A1-8AA7-E14088307D40}.Release|Any CPU.Build.0 = Release|Any CPU
	EndGlobalSection
	GlobalSection(SolutionProperties) = preSolution
		HideSolutionNode = FALSE
	EndGlobalSection
	GlobalSection(ExtensibilityGlobals) = postSolution
		SolutionGuid = {F713F2A4-FBE6-4786-93F8-9D9F5011F1FB}
	EndGlobalSection
EndGlobal
