
Microsoft Visual Studio Solution File, Format Version 12.00
# Visual Studio Version 17
VisualStudioVersion = 17.3.32922.545
MinimumVisualStudioVersion = 10.0.40219.1
Project("{FAE04EC0-301F-11D3-BF4B-00C04F79EFBC}") = "Team1", "Team1\Team1.csproj", "{971A3014-3378-4AC6-AB35-15BE7F513AF2}"
EndProject
Global
	GlobalSection(SolutionConfigurationPlatforms) = preSolution
		Debug|Any CPU = Debug|Any CPU
		Release|Any CPU = Release|Any CPU
	EndGlobalSection
	GlobalSection(ProjectConfigurationPlatforms) = postSolution
		{971A3014-3378-4AC6-AB35-15BE7F513AF2}.Debug|Any CPU.ActiveCfg = Debug|Any CPU
		{971A3014-3378-4AC6-AB35-15BE7F513AF2}.Debug|Any CPU.Build.0 = Debug|Any CPU
		{971A3014-3378-4AC6-AB35-15BE7F513AF2}.Release|Any CPU.ActiveCfg = Release|Any CPU
		{971A3014-3378-4AC6-AB35-15BE7F513AF2}.Release|Any CPU.Build.0 = Release|Any CPU
	EndGlobalSection
	GlobalSection(SolutionProperties) = preSolution
		HideSolutionNode = FALSE
	EndGlobalSection
	GlobalSection(ExtensibilityGlobals) = postSolution
		SolutionGuid = {519DCE0C-8B85-4575-B5E6-42441F82963F}
	EndGlobalSection
EndGlobal
