
Microsoft Visual Studio Solution File, Format Version 12.00
# Visual Studio Version 17
VisualStudioVersion = 17.3.32901.215
MinimumVisualStudioVersion = 10.0.40219.1
Project("{FAE04EC0-301F-11D3-BF4B-00C04F79EFBC}") = "D2_basicSyntax_and_Git", "D2_basicSyntax_and_Git\D2_basicSyntax_and_Git.csproj", "{E6257D36-4B6B-4254-BF7F-7841F202E742}"
EndProject
Global
	GlobalSection(SolutionConfigurationPlatforms) = preSolution
		Debug|Any CPU = Debug|Any CPU
		Release|Any CPU = Release|Any CPU
	EndGlobalSection
	GlobalSection(ProjectConfigurationPlatforms) = postSolution
		{E6257D36-4B6B-4254-BF7F-7841F202E742}.Debug|Any CPU.ActiveCfg = Debug|Any CPU
		{E6257D36-4B6B-4254-BF7F-7841F202E742}.Debug|Any CPU.Build.0 = Debug|Any CPU
		{E6257D36-4B6B-4254-BF7F-7841F202E742}.Release|Any CPU.ActiveCfg = Release|Any CPU
		{E6257D36-4B6B-4254-BF7F-7841F202E742}.Release|Any CPU.Build.0 = Release|Any CPU
	EndGlobalSection
	GlobalSection(SolutionProperties) = preSolution
		HideSolutionNode = FALSE
	EndGlobalSection
	GlobalSection(ExtensibilityGlobals) = postSolution
		SolutionGuid = {3F59CD64-9E1A-450F-B75B-47D26D14FC05}
	EndGlobalSection
EndGlobal
