
Microsoft Visual Studio Solution File, Format Version 12.00
# Visual Studio Version 17
VisualStudioVersion = 17.3.32922.545
MinimumVisualStudioVersion = 10.0.40219.1
Project("{FAE04EC0-301F-11D3-BF4B-00C04F79EFBC}") = "D07_Debug_test", "D07_Debug_test\D07_Debug_test.csproj", "{6486117F-67FA-41A0-8CD6-5984DE78A8C9}"
EndProject
Global
	GlobalSection(SolutionConfigurationPlatforms) = preSolution
		Debug|Any CPU = Debug|Any CPU
		Release|Any CPU = Release|Any CPU
	EndGlobalSection
	GlobalSection(ProjectConfigurationPlatforms) = postSolution
		{6486117F-67FA-41A0-8CD6-5984DE78A8C9}.Debug|Any CPU.ActiveCfg = Debug|Any CPU
		{6486117F-67FA-41A0-8CD6-5984DE78A8C9}.Debug|Any CPU.Build.0 = Debug|Any CPU
		{6486117F-67FA-41A0-8CD6-5984DE78A8C9}.Release|Any CPU.ActiveCfg = Release|Any CPU
		{6486117F-67FA-41A0-8CD6-5984DE78A8C9}.Release|Any CPU.Build.0 = Release|Any CPU
	EndGlobalSection
	GlobalSection(SolutionProperties) = preSolution
		HideSolutionNode = FALSE
	EndGlobalSection
	GlobalSection(ExtensibilityGlobals) = postSolution
		SolutionGuid = {27C7FBFF-52A4-49A9-A6F9-3A4B89DA7397}
	EndGlobalSection
EndGlobal
